{
  "name": "awesome-slackbot",
  "version": "1.0.0",
  "lockfileVersion": 3,
  "requires": true,
  "packages": {
    "": {
      "name": "awesome-slackbot",
      "version": "1.0.0",
      "license": "MIT",
      "devDependencies": {
        "@slack/cli-hooks": "^1.2.1"
      },
      "engines": {
        "python": ">=3.8"
      }
    },
    "node_modules/@slack/cli-hooks": {
      "version": "1.2.1",
      "resolved": "https://artifactory.rbx.com/artifactory/api/npm/npm-all/@slack/cli-hooks/-/cli-hooks-1.2.1.tgz",
      "integrity": "sha512-kyOFQifWqNzGqA44jcJvQTmsDN+dZ/pJE7GFDQVtt1dvCMHhjjv1ZLMKyuGI5ArP2lnFKalm2dRx2/qQAJiRWA==",
      "dev": true,
      "license": "MIT",
      "dependencies": {
        "minimist": "^1.2.8",
        "semver": "^7.5.4"
      },
      "bin": {
        "slack-cli-check-update": "src/check-update.js",
        "slack-cli-doctor": "src/doctor.js",
        "slack-cli-get-hooks": "src/get-hooks.js",
        "slack-cli-get-manifest": "src/get-manifest.js",
        "slack-cli-start": "src/start.js"
      },
      "engines": {
        "node": ">= 18",
        "npm": ">= 8.6.0"
      }
    },
    "node_modules/minimist": {
      "version": "1.2.8",
      "resolved": "https://artifactory.rbx.com/artifactory/api/npm/npm-all/minimist/-/minimist-1.2.8.tgz",
      "integrity": "sha512-2yyAR8qBkN3YuheJanUpWC5U3bb5osDywNB8RzDVlDwDHbocAJveqqj1u8+SVD7jkWT4yvsHCpWqqWqAxb0zCA==",
      "dev": true,
      "license": "MIT",
      "funding": {
        "url": "https://github.com/sponsors/ljharb"
      }
    },
    "node_modules/semver": {
      "version": "7.7.2",
      "resolved": "https://artifactory.rbx.com/artifactory/api/npm/npm-all/semver/-/semver-7.7.2.tgz",
      "integrity": "sha512-RF0Fw+rO5AMf9MAyaRXI4AV0Ulj5lMHqVxxdSgiVbixSCXoEmmX/jk0CuJw4+3SqroYO9VoUh+HcuJivvtJemA==",
      "dev": true,
      "license": "ISC",
      "bin": {
        "semver": "bin/semver.js"
      },
      "engines": {
        "node": ">=10"
      }
    }
  }
}
